
Microsoft Visual Studio Solution File, Format Version 12.00
# Visual Studio 14
VisualStudioVersion = 14.0.25420.1
MinimumVisualStudioVersion = 10.0.40219.1
Project("{FAE04EC0-301F-11D3-BF4B-00C04F79EFBC}") = "VideoPoker", "Video Poker\VideoPoker.csproj", "{4F3AE985-D9D6-4A1A-BAA4-08E8B170651D}"
EndProject
Project("{FAE04EC0-301F-11D3-BF4B-00C04F79EFBC}") = "VideoPoker.UnitTests", "VideoPoker.UnitTests\VideoPoker.UnitTests.csproj", "{C7FB4CBF-ACE2-41A5-9C10-94BF2939424B}"
EndProject
Global
	GlobalSection(SolutionConfigurationPlatforms) = preSolution
		Debug|Any CPU = Debug|Any CPU
		Release|Any CPU = Release|Any CPU
	EndGlobalSection
	GlobalSection(ProjectConfigurationPlatforms) = postSolution
		{4F3AE985-D9D6-4A1A-BAA4-08E8B170651D}.Debug|Any CPU.ActiveCfg = Debug|Any CPU
		{4F3AE985-D9D6-4A1A-BAA4-08E8B170651D}.Debug|Any CPU.Build.0 = Debug|Any CPU
		{4F3AE985-D9D6-4A1A-BAA4-08E8B170651D}.Release|Any CPU.ActiveCfg = Release|Any CPU
		{4F3AE985-D9D6-4A1A-BAA4-08E8B170651D}.Release|Any CPU.Build.0 = Release|Any CPU
		{C7FB4CBF-ACE2-41A5-9C10-94BF2939424B}.Debug|Any CPU.ActiveCfg = Debug|Any CPU
		{C7FB4CBF-ACE2-41A5-9C10-94BF2939424B}.Debug|Any CPU.Build.0 = Debug|Any CPU
		{C7FB4CBF-ACE2-41A5-9C10-94BF2939424B}.Release|Any CPU.ActiveCfg = Release|Any CPU
		{C7FB4CBF-ACE2-41A5-9C10-94BF2939424B}.Release|Any CPU.Build.0 = Release|Any CPU
	EndGlobalSection
	GlobalSection(SolutionProperties) = preSolution
		HideSolutionNode = FALSE
	EndGlobalSection
EndGlobal
